{
  "requires": true,
  "lockfileVersion": 1,
  "dependencies": {
    "knex-mariadb": {
      "version": "2.0.0",
      "resolved": "https://registry.npmjs.org/knex-mariadb/-/knex-mariadb-2.0.0.tgz",
      "integrity": "sha512-GhFGsxU73vW7bKz22jvHseJnzIfnPQby+weeYlY89qltABjyhQrGCn/uYcGOU10wF1MZubDPt44HQb3IAbaQsw=="
    }
  }
}
